
Microsoft Visual Studio Solution File, Format Version 12.00
# Visual Studio Version 16
VisualStudioVersion = 16.0.31025.194
MinimumVisualStudioVersion = 10.0.40219.1
Project("{9A19103F-16F7-4668-BE54-9A1E7A4F7556}") = "Estore.Server", "Server\Estore.Server.csproj", "{945CF9A1-571C-4A04-AD23-D33D9CD1126D}"
EndProject
Project("{9A19103F-16F7-4668-BE54-9A1E7A4F7556}") = "Estore.Client", "Client\Estore.Client.csproj", "{B769DAFA-05F1-43E0-A5D8-23EF4E7712E4}"
EndProject
Project("{9A19103F-16F7-4668-BE54-9A1E7A4F7556}") = "Estore.Shared", "Shared\Estore.Shared.csproj", "{9DC86F6B-B844-4228-A871-CEAA0A64BB82}"
EndProject
Global
	GlobalSection(SolutionConfigurationPlatforms) = preSolution
		Debug|Any CPU = Debug|Any CPU
		Release|Any CPU = Release|Any CPU
	EndGlobalSection
	GlobalSection(ProjectConfigurationPlatforms) = postSolution
		{945CF9A1-571C-4A04-AD23-D33D9CD1126D}.Debug|Any CPU.ActiveCfg = Debug|Any CPU
		{945CF9A1-571C-4A04-AD23-D33D9CD1126D}.Debug|Any CPU.Build.0 = Debug|Any CPU
		{945CF9A1-571C-4A04-AD23-D33D9CD1126D}.Release|Any CPU.ActiveCfg = Release|Any CPU
		{945CF9A1-571C-4A04-AD23-D33D9CD1126D}.Release|Any CPU.Build.0 = Release|Any CPU
		{B769DAFA-05F1-43E0-A5D8-23EF4E7712E4}.Debug|Any CPU.ActiveCfg = Debug|Any CPU
		{B769DAFA-05F1-43E0-A5D8-23EF4E7712E4}.Debug|Any CPU.Build.0 = Debug|Any CPU
		{B769DAFA-05F1-43E0-A5D8-23EF4E7712E4}.Release|Any CPU.ActiveCfg = Release|Any CPU
		{B769DAFA-05F1-43E0-A5D8-23EF4E7712E4}.Release|Any CPU.Build.0 = Release|Any CPU
		{9DC86F6B-B844-4228-A871-CEAA0A64BB82}.Debug|Any CPU.ActiveCfg = Debug|Any CPU
		{9DC86F6B-B844-4228-A871-CEAA0A64BB82}.Debug|Any CPU.Build.0 = Debug|Any CPU
		{9DC86F6B-B844-4228-A871-CEAA0A64BB82}.Release|Any CPU.ActiveCfg = Release|Any CPU
		{9DC86F6B-B844-4228-A871-CEAA0A64BB82}.Release|Any CPU.Build.0 = Release|Any CPU
	EndGlobalSection
	GlobalSection(SolutionProperties) = preSolution
		HideSolutionNode = FALSE
	EndGlobalSection
	GlobalSection(ExtensibilityGlobals) = postSolution
		SolutionGuid = {DC03A90B-C412-4971-9439-CB1530873BC0}
	EndGlobalSection
EndGlobal
